
Microsoft Visual Studio Solution File, Format Version 12.00
# Visual Studio Version 16
VisualStudioVersion = 16.0.34114.132
MinimumVisualStudioVersion = 10.0.40219.1
Project("{2150E333-8FDC-42A3-9474-1A3956D46DE8}") = "Task0", "Task0", "{66B45BBD-0A09-4F79-A227-3393A707DC51}"
EndProject
Project("{2150E333-8FDC-42A3-9474-1A3956D46DE8}") = "Task1", "Task1", "{1086C709-67F1-417B-A64D-C1C1B73D78FA}"
EndProject
Project("{2150E333-8FDC-42A3-9474-1A3956D46DE8}") = "Task2", "Task2", "{757D5172-E41A-458C-A0F8-D0278604E19F}"
EndProject
Project("{2150E333-8FDC-42A3-9474-1A3956D46DE8}") = "Task3", "Task3", "{1C3DFB46-631D-48FE-9B53-3CDF3452FB2A}"
EndProject
Project("{2150E333-8FDC-42A3-9474-1A3956D46DE8}") = "Task4", "Task4", "{3FF0D9BC-D028-43B4-81C8-35378FDADF9B}"
EndProject
Project("{2150E333-8FDC-42A3-9474-1A3956D46DE8}") = "Task5", "Task5", "{ACD14CFC-7615-47A3-BE17-6E0F5079FCC5}"
EndProject
Project("{2150E333-8FDC-42A3-9474-1A3956D46DE8}") = "Task6", "Task6", "{F077AD73-29B9-43CE-A5D8-357E4054E34A}"
EndProject
Project("{2150E333-8FDC-42A3-9474-1A3956D46DE8}") = "Task7", "Task7", "{4072A660-8DCA-42C2-8CCD-449FBADA250B}"
EndProject
Project("{FAE04EC0-301F-11D3-BF4B-00C04F79EFBC}") = "Tyuiu.MelehovAG.Sprint3.Task0.V0", "Tyuiu.MelehovAG.Sprint3.Task0.V0\Tyuiu.MelehovAG.Sprint3.Task0.V0.csproj", "{F1E9A6E0-DCF9-4D6B-A1DD-3473C8EC385A}"
EndProject
Project("{FAE04EC0-301F-11D3-BF4B-00C04F79EFBC}") = "Tyuiu.MelehovAG.Sprint3.Task0.V0.Lib", "Tyuiu.MelehovAG.Sprint3.Task0.V0.Lib\Tyuiu.MelehovAG.Sprint3.Task0.V0.Lib.csproj", "{D9240990-7BA4-4F13-BAF4-F3F3729EAC31}"
EndProject
Project("{FAE04EC0-301F-11D3-BF4B-00C04F79EFBC}") = "Tyuiu.MelehovAG.Sprint3.Task0.V0.Test", "Tyuiu.MelehovAG.Sprint3.Task0.V0.Test\Tyuiu.MelehovAG.Sprint3.Task0.V0.Test.csproj", "{0288BC42-A028-4763-BFEA-CEC44CC92BFE}"
EndProject
Project("{FAE04EC0-301F-11D3-BF4B-00C04F79EFBC}") = "Tyuiu.MelehovAG.Sprint3.Task1.V0", "Tyuiu.MelehovAG.Sprint3.Task1.V0\Tyuiu.MelehovAG.Sprint3.Task1.V0.csproj", "{3507EA56-7BA9-414B-BC3C-7AEB49413D78}"
EndProject
Project("{FAE04EC0-301F-11D3-BF4B-00C04F79EFBC}") = "Tyuiu.MelehovAG.Sprint3.Task1.V0.Lib", "Tyuiu.MelehovAG.Sprint3.Task1.V0.Lib\Tyuiu.MelehovAG.Sprint3.Task1.V0.Lib.csproj", "{CFB4184B-E6AE-4086-A602-4C67DAEDBB30}"
EndProject
Project("{FAE04EC0-301F-11D3-BF4B-00C04F79EFBC}") = "Tyuiu.MelehovAG.Sprint3.Task1.V0.Test", "Tyuiu.MelehovAG.Sprint3.Task1.V0.Test\Tyuiu.MelehovAG.Sprint3.Task1.V0.Test.csproj", "{ED6788CD-27B8-440E-96E7-C7A29C321269}"
EndProject
Project("{FAE04EC0-301F-11D3-BF4B-00C04F79EFBC}") = "Tyuiu.MelehovAG.Sprint3.Task2.V0", "Tyuiu.MelehovAG.Sprint3.Task2.V0\Tyuiu.MelehovAG.Sprint3.Task2.V0.csproj", "{E9ED1D61-146F-421B-9529-CD7175353837}"
EndProject
Project("{FAE04EC0-301F-11D3-BF4B-00C04F79EFBC}") = "Tyuiu.MelehovAG.Sprint3.Task2.V0.Lib", "Tyuiu.MelehovAG.Sprint3.Task2.V0.Lib\Tyuiu.MelehovAG.Sprint3.Task2.V0.Lib.csproj", "{DBDD839D-CB9A-4843-AD0E-C8CB5711365F}"
EndProject
Project("{FAE04EC0-301F-11D3-BF4B-00C04F79EFBC}") = "Tyuiu.MelehovAG.Sprint3.Task2.V0.Test", "Tyuiu.MelehovAG.Sprint3.Task2.V0.Test\Tyuiu.MelehovAG.Sprint3.Task2.V0.Test.csproj", "{7C5ED725-AF88-4FD3-8B8D-882E7163C666}"
EndProject
Project("{FAE04EC0-301F-11D3-BF4B-00C04F79EFBC}") = "Tyuiu.MelehovAG.Sprint3.Task3.V0", "Tyuiu.MelehovAG.Sprint3.Task3.V0\Tyuiu.MelehovAG.Sprint3.Task3.V0.csproj", "{03A929FC-B0DC-4612-9E8E-10F536AE2AEF}"
EndProject
Project("{FAE04EC0-301F-11D3-BF4B-00C04F79EFBC}") = "Tyuiu.MelehovAG.Sprint3.Task3.V0.Lib", "Tyuiu.MelehovAG.Sprint3.Task3.V0.Lib\Tyuiu.MelehovAG.Sprint3.Task3.V0.Lib.csproj", "{BE69CFDA-54DB-4634-811C-D3F6D0140E0E}"
EndProject
Project("{FAE04EC0-301F-11D3-BF4B-00C04F79EFBC}") = "Tyuiu.MelehovAG.Sprint3.Task3.V0.Test", "Tyuiu.MelehovAG.Sprint3.Task3.V0.Test\Tyuiu.MelehovAG.Sprint3.Task3.V0.Test.csproj", "{93B5809E-EA49-41FE-91EF-35E715548E85}"
EndProject
Project("{FAE04EC0-301F-11D3-BF4B-00C04F79EFBC}") = "Tyuiu.MelehovAG.Sprint3.Task4.V0", "Tyuiu.MelehovAG.Sprint3.Task4.V0\Tyuiu.MelehovAG.Sprint3.Task4.V0.csproj", "{C633635A-2BE8-4918-AD0B-E4875DEE6BF1}"
EndProject
Project("{FAE04EC0-301F-11D3-BF4B-00C04F79EFBC}") = "Tyuiu.MelehovAG.Sprint3.Task4.V0.Lib", "Tyuiu.MelehovAG.Sprint3.Task4.V0.Lib\Tyuiu.MelehovAG.Sprint3.Task4.V0.Lib.csproj", "{EC399075-20BA-4981-B7C4-78AC63252375}"
EndProject
Project("{FAE04EC0-301F-11D3-BF4B-00C04F79EFBC}") = "Tyuiu.MelehovAG.Sprint3.Task4.V0.Test", "Tyuiu.MelehovAG.Sprint3.Task4.V0.Test\Tyuiu.MelehovAG.Sprint3.Task4.V0.Test.csproj", "{1D507AD2-3DDD-4146-A688-16083DFC3A22}"
EndProject
Project("{FAE04EC0-301F-11D3-BF4B-00C04F79EFBC}") = "Tyuiu.MelehovAG.Sprint3.Task5.V0", "Tyuiu.MelehovAG.Sprint3.Task5.V0\Tyuiu.MelehovAG.Sprint3.Task5.V0.csproj", "{A6776171-DABF-49E9-8613-C54ED284AD7D}"
EndProject
Project("{FAE04EC0-301F-11D3-BF4B-00C04F79EFBC}") = "Tyuiu.MelehovAG.Sprint3.Task5.V0.Lib", "Tyuiu.MelehovAG.Sprint3.Task5.V0.Lib\Tyuiu.MelehovAG.Sprint3.Task5.V0.Lib.csproj", "{A8EC1CC3-C02D-4057-AC0F-CD753A6B628B}"
EndProject
Project("{FAE04EC0-301F-11D3-BF4B-00C04F79EFBC}") = "Tyuiu.MelehovAG.Sprint3.Task5.V0.Test", "Tyuiu.MelehovAG.Sprint3.Task5.V0.Test\Tyuiu.MelehovAG.Sprint3.Task5.V0.Test.csproj", "{671D4C20-E2BC-41A7-A019-F41727072552}"
EndProject
Project("{FAE04EC0-301F-11D3-BF4B-00C04F79EFBC}") = "Tyuiu.MelehovAG.Sprint3.Task6.V0", "Tyuiu.MelehovAG.Sprint3.Task6.V0\Tyuiu.MelehovAG.Sprint3.Task6.V0.csproj", "{273CAC3E-5197-4497-B561-820BFE732CB3}"
EndProject
Project("{FAE04EC0-301F-11D3-BF4B-00C04F79EFBC}") = "Tyuiu.MelehovAG.Sprint3.Task6.V0.Lib", "Tyuiu.MelehovAG.Sprint3.Task6.V0.Lib\Tyuiu.MelehovAG.Sprint3.Task6.V0.Lib.csproj", "{DFF6A02E-8378-457E-8086-7BA9BAF45760}"
EndProject
Project("{FAE04EC0-301F-11D3-BF4B-00C04F79EFBC}") = "Tyuiu.MelehovAG.Sprint3.Task6.V0.Test", "Tyuiu.MelehovAG.Sprint3.Task6.V0.Test\Tyuiu.MelehovAG.Sprint3.Task6.V0.Test.csproj", "{5784C1F9-6C4D-4548-8818-80A1FBD409CF}"
EndProject
Project("{FAE04EC0-301F-11D3-BF4B-00C04F79EFBC}") = "Tyuiu.MelehovAG.Sprint3.Task7.V0", "Tyuiu.MelehovAG.Sprint3.Task7.V0\Tyuiu.MelehovAG.Sprint3.Task7.V0.csproj", "{799E5A3E-E8D0-4031-8E20-02DB33B45475}"
EndProject
Project("{FAE04EC0-301F-11D3-BF4B-00C04F79EFBC}") = "Tyuiu.MelehovAG.Sprint3.Task7.V0.Lib", "Tyuiu.MelehovAG.Sprint3.Task7.V0.Lib\Tyuiu.MelehovAG.Sprint3.Task7.V0.Lib.csproj", "{642B2986-E602-4A13-AC63-F4B6CF79C492}"
EndProject
Project("{FAE04EC0-301F-11D3-BF4B-00C04F79EFBC}") = "Tyuiu.MelehovAG.Sprint3.Task7.V0.Test", "Tyuiu.MelehovAG.Sprint3.Task7.V0.Test\Tyuiu.MelehovAG.Sprint3.Task7.V0.Test.csproj", "{15A00E50-A226-4D2F-8530-060362CB13BB}"
EndProject
Global
	GlobalSection(SolutionConfigurationPlatforms) = preSolution
		Debug|Any CPU = Debug|Any CPU
		Release|Any CPU = Release|Any CPU
	EndGlobalSection
	GlobalSection(ProjectConfigurationPlatforms) = postSolution
		{F1E9A6E0-DCF9-4D6B-A1DD-3473C8EC385A}.Debug|Any CPU.ActiveCfg = Debug|Any CPU
		{F1E9A6E0-DCF9-4D6B-A1DD-3473C8EC385A}.Debug|Any CPU.Build.0 = Debug|Any CPU
		{F1E9A6E0-DCF9-4D6B-A1DD-3473C8EC385A}.Release|Any CPU.ActiveCfg = Release|Any CPU
		{F1E9A6E0-DCF9-4D6B-A1DD-3473C8EC385A}.Release|Any CPU.Build.0 = Release|Any CPU
		{D9240990-7BA4-4F13-BAF4-F3F3729EAC31}.Debug|Any CPU.ActiveCfg = Debug|Any CPU
		{D9240990-7BA4-4F13-BAF4-F3F3729EAC31}.Debug|Any CPU.Build.0 = Debug|Any CPU
		{D9240990-7BA4-4F13-BAF4-F3F3729EAC31}.Release|Any CPU.ActiveCfg = Release|Any CPU
		{D9240990-7BA4-4F13-BAF4-F3F3729EAC31}.Release|Any CPU.Build.0 = Release|Any CPU
		{0288BC42-A028-4763-BFEA-CEC44CC92BFE}.Debug|Any CPU.ActiveCfg = Debug|Any CPU
		{0288BC42-A028-4763-BFEA-CEC44CC92BFE}.Debug|Any CPU.Build.0 = Debug|Any CPU
		{0288BC42-A028-4763-BFEA-CEC44CC92BFE}.Release|Any CPU.ActiveCfg = Release|Any CPU
		{0288BC42-A028-4763-BFEA-CEC44CC92BFE}.Release|Any CPU.Build.0 = Release|Any CPU
		{3507EA56-7BA9-414B-BC3C-7AEB49413D78}.Debug|Any CPU.ActiveCfg = Debug|Any CPU
		{3507EA56-7BA9-414B-BC3C-7AEB49413D78}.Debug|Any CPU.Build.0 = Debug|Any CPU
		{3507EA56-7BA9-414B-BC3C-7AEB49413D78}.Release|Any CPU.ActiveCfg = Release|Any CPU
		{3507EA56-7BA9-414B-BC3C-7AEB49413D78}.Release|Any CPU.Build.0 = Release|Any CPU
		{CFB4184B-E6AE-4086-A602-4C67DAEDBB30}.Debug|Any CPU.ActiveCfg = Debug|Any CPU
		{CFB4184B-E6AE-4086-A602-4C67DAEDBB30}.Debug|Any CPU.Build.0 = Debug|Any CPU
		{CFB4184B-E6AE-4086-A602-4C67DAEDBB30}.Release|Any CPU.ActiveCfg = Release|Any CPU
		{CFB4184B-E6AE-4086-A602-4C67DAEDBB30}.Release|Any CPU.Build.0 = Release|Any CPU
		{ED6788CD-27B8-440E-96E7-C7A29C321269}.Debug|Any CPU.ActiveCfg = Debug|Any CPU
		{ED6788CD-27B8-440E-96E7-C7A29C321269}.Debug|Any CPU.Build.0 = Debug|Any CPU
		{ED6788CD-27B8-440E-96E7-C7A29C321269}.Release|Any CPU.ActiveCfg = Release|Any CPU
		{ED6788CD-27B8-440E-96E7-C7A29C321269}.Release|Any CPU.Build.0 = Release|Any CPU
		{E9ED1D61-146F-421B-9529-CD7175353837}.Debug|Any CPU.ActiveCfg = Debug|Any CPU
		{E9ED1D61-146F-421B-9529-CD7175353837}.Debug|Any CPU.Build.0 = Debug|Any CPU
		{E9ED1D61-146F-421B-9529-CD7175353837}.Release|Any CPU.ActiveCfg = Release|Any CPU
		{E9ED1D61-146F-421B-9529-CD7175353837}.Release|Any CPU.Build.0 = Release|Any CPU
		{DBDD839D-CB9A-4843-AD0E-C8CB5711365F}.Debug|Any CPU.ActiveCfg = Debug|Any CPU
		{DBDD839D-CB9A-4843-AD0E-C8CB5711365F}.Debug|Any CPU.Build.0 = Debug|Any CPU
		{DBDD839D-CB9A-4843-AD0E-C8CB5711365F}.Release|Any CPU.ActiveCfg = Release|Any CPU
		{DBDD839D-CB9A-4843-AD0E-C8CB5711365F}.Release|Any CPU.Build.0 = Release|Any CPU
		{7C5ED725-AF88-4FD3-8B8D-882E7163C666}.Debug|Any CPU.ActiveCfg = Debug|Any CPU
		{7C5ED725-AF88-4FD3-8B8D-882E7163C666}.Debug|Any CPU.Build.0 = Debug|Any CPU
		{7C5ED725-AF88-4FD3-8B8D-882E7163C666}.Release|Any CPU.ActiveCfg = Release|Any CPU
		{7C5ED725-AF88-4FD3-8B8D-882E7163C666}.Release|Any CPU.Build.0 = Release|Any CPU
		{03A929FC-B0DC-4612-9E8E-10F536AE2AEF}.Debug|Any CPU.ActiveCfg = Debug|Any CPU
		{03A929FC-B0DC-4612-9E8E-10F536AE2AEF}.Debug|Any CPU.Build.0 = Debug|Any CPU
		{03A929FC-B0DC-4612-9E8E-10F536AE2AEF}.Release|Any CPU.ActiveCfg = Release|Any CPU
		{03A929FC-B0DC-4612-9E8E-10F536AE2AEF}.Release|Any CPU.Build.0 = Release|Any CPU
		{BE69CFDA-54DB-4634-811C-D3F6D0140E0E}.Debug|Any CPU.ActiveCfg = Debug|Any CPU
		{BE69CFDA-54DB-4634-811C-D3F6D0140E0E}.Debug|Any CPU.Build.0 = Debug|Any CPU
		{BE69CFDA-54DB-4634-811C-D3F6D0140E0E}.Release|Any CPU.ActiveCfg = Release|Any CPU
		{BE69CFDA-54DB-4634-811C-D3F6D0140E0E}.Release|Any CPU.Build.0 = Release|Any CPU
		{93B5809E-EA49-41FE-91EF-35E715548E85}.Debug|Any CPU.ActiveCfg = Debug|Any CPU
		{93B5809E-EA49-41FE-91EF-35E715548E85}.Debug|Any CPU.Build.0 = Debug|Any CPU
		{93B5809E-EA49-41FE-91EF-35E715548E85}.Release|Any CPU.ActiveCfg = Release|Any CPU
		{93B5809E-EA49-41FE-91EF-35E715548E85}.Release|Any CPU.Build.0 = Release|Any CPU
		{C633635A-2BE8-4918-AD0B-E4875DEE6BF1}.Debug|Any CPU.ActiveCfg = Debug|Any CPU
		{C633635A-2BE8-4918-AD0B-E4875DEE6BF1}.Debug|Any CPU.Build.0 = Debug|Any CPU
		{C633635A-2BE8-4918-AD0B-E4875DEE6BF1}.Release|Any CPU.ActiveCfg = Release|Any CPU
		{C633635A-2BE8-4918-AD0B-E4875DEE6BF1}.Release|Any CPU.Build.0 = Release|Any CPU
		{EC399075-20BA-4981-B7C4-78AC63252375}.Debug|Any CPU.ActiveCfg = Debug|Any CPU
		{EC399075-20BA-4981-B7C4-78AC63252375}.Debug|Any CPU.Build.0 = Debug|Any CPU
		{EC399075-20BA-4981-B7C4-78AC63252375}.Release|Any CPU.ActiveCfg = Release|Any CPU
		{EC399075-20BA-4981-B7C4-78AC63252375}.Release|Any CPU.Build.0 = Release|Any CPU
		{1D507AD2-3DDD-4146-A688-16083DFC3A22}.Debug|Any CPU.ActiveCfg = Debug|Any CPU
		{1D507AD2-3DDD-4146-A688-16083DFC3A22}.Debug|Any CPU.Build.0 = Debug|Any CPU
		{1D507AD2-3DDD-4146-A688-16083DFC3A22}.Release|Any CPU.ActiveCfg = Release|Any CPU
		{1D507AD2-3DDD-4146-A688-16083DFC3A22}.Release|Any CPU.Build.0 = Release|Any CPU
		{A6776171-DABF-49E9-8613-C54ED284AD7D}.Debug|Any CPU.ActiveCfg = Debug|Any CPU
		{A6776171-DABF-49E9-8613-C54ED284AD7D}.Debug|Any CPU.Build.0 = Debug|Any CPU
		{A6776171-DABF-49E9-8613-C54ED284AD7D}.Release|Any CPU.ActiveCfg = Release|Any CPU
		{A6776171-DABF-49E9-8613-C54ED284AD7D}.Release|Any CPU.Build.0 = Release|Any CPU
		{A8EC1CC3-C02D-4057-AC0F-CD753A6B628B}.Debug|Any CPU.ActiveCfg = Debug|Any CPU
		{A8EC1CC3-C02D-4057-AC0F-CD753A6B628B}.Debug|Any CPU.Build.0 = Debug|Any CPU
		{A8EC1CC3-C02D-4057-AC0F-CD753A6B628B}.Release|Any CPU.ActiveCfg = Release|Any CPU
		{A8EC1CC3-C02D-4057-AC0F-CD753A6B628B}.Release|Any CPU.Build.0 = Release|Any CPU
		{671D4C20-E2BC-41A7-A019-F41727072552}.Debug|Any CPU.ActiveCfg = Debug|Any CPU
		{671D4C20-E2BC-41A7-A019-F41727072552}.Debug|Any CPU.Build.0 = Debug|Any CPU
		{671D4C20-E2BC-41A7-A019-F41727072552}.Release|Any CPU.ActiveCfg = Release|Any CPU
		{671D4C20-E2BC-41A7-A019-F41727072552}.Release|Any CPU.Build.0 = Release|Any CPU
		{273CAC3E-5197-4497-B561-820BFE732CB3}.Debug|Any CPU.ActiveCfg = Debug|Any CPU
		{273CAC3E-5197-4497-B561-820BFE732CB3}.Debug|Any CPU.Build.0 = Debug|Any CPU
		{273CAC3E-5197-4497-B561-820BFE732CB3}.Release|Any CPU.ActiveCfg = Release|Any CPU
		{273CAC3E-5197-4497-B561-820BFE732CB3}.Release|Any CPU.Build.0 = Release|Any CPU
		{DFF6A02E-8378-457E-8086-7BA9BAF45760}.Debug|Any CPU.ActiveCfg = Debug|Any CPU
		{DFF6A02E-8378-457E-8086-7BA9BAF45760}.Debug|Any CPU.Build.0 = Debug|Any CPU
		{DFF6A02E-8378-457E-8086-7BA9BAF45760}.Release|Any CPU.ActiveCfg = Release|Any CPU
		{DFF6A02E-8378-457E-8086-7BA9BAF45760}.Release|Any CPU.Build.0 = Release|Any CPU
		{5784C1F9-6C4D-4548-8818-80A1FBD409CF}.Debug|Any CPU.ActiveCfg = Debug|Any CPU
		{5784C1F9-6C4D-4548-8818-80A1FBD409CF}.Debug|Any CPU.Build.0 = Debug|Any CPU
		{5784C1F9-6C4D-4548-8818-80A1FBD409CF}.Release|Any CPU.ActiveCfg = Release|Any CPU
		{5784C1F9-6C4D-4548-8818-80A1FBD409CF}.Release|Any CPU.Build.0 = Release|Any CPU
		{799E5A3E-E8D0-4031-8E20-02DB33B45475}.Debug|Any CPU.ActiveCfg = Debug|Any CPU
		{799E5A3E-E8D0-4031-8E20-02DB33B45475}.Debug|Any CPU.Build.0 = Debug|Any CPU
		{799E5A3E-E8D0-4031-8E20-02DB33B45475}.Release|Any CPU.ActiveCfg = Release|Any CPU
		{799E5A3E-E8D0-4031-8E20-02DB33B45475}.Release|Any CPU.Build.0 = Release|Any CPU
		{642B2986-E602-4A13-AC63-F4B6CF79C492}.Debug|Any CPU.ActiveCfg = Debug|Any CPU
		{642B2986-E602-4A13-AC63-F4B6CF79C492}.Debug|Any CPU.Build.0 = Debug|Any CPU
		{642B2986-E602-4A13-AC63-F4B6CF79C492}.Release|Any CPU.ActiveCfg = Release|Any CPU
		{642B2986-E602-4A13-AC63-F4B6CF79C492}.Release|Any CPU.Build.0 = Release|Any CPU
		{15A00E50-A226-4D2F-8530-060362CB13BB}.Debug|Any CPU.ActiveCfg = Debug|Any CPU
		{15A00E50-A226-4D2F-8530-060362CB13BB}.Debug|Any CPU.Build.0 = Debug|Any CPU
		{15A00E50-A226-4D2F-8530-060362CB13BB}.Release|Any CPU.ActiveCfg = Release|Any CPU
		{15A00E50-A226-4D2F-8530-060362CB13BB}.Release|Any CPU.Build.0 = Release|Any CPU
	EndGlobalSection
	GlobalSection(SolutionProperties) = preSolution
		HideSolutionNode = FALSE
	EndGlobalSection
	GlobalSection(NestedProjects) = preSolution
		{F1E9A6E0-DCF9-4D6B-A1DD-3473C8EC385A} = {66B45BBD-0A09-4F79-A227-3393A707DC51}
		{D9240990-7BA4-4F13-BAF4-F3F3729EAC31} = {66B45BBD-0A09-4F79-A227-3393A707DC51}
		{0288BC42-A028-4763-BFEA-CEC44CC92BFE} = {66B45BBD-0A09-4F79-A227-3393A707DC51}
		{3507EA56-7BA9-414B-BC3C-7AEB49413D78} = {1086C709-67F1-417B-A64D-C1C1B73D78FA}
		{CFB4184B-E6AE-4086-A602-4C67DAEDBB30} = {1086C709-67F1-417B-A64D-C1C1B73D78FA}
		{ED6788CD-27B8-440E-96E7-C7A29C321269} = {1086C709-67F1-417B-A64D-C1C1B73D78FA}
		{E9ED1D61-146F-421B-9529-CD7175353837} = {757D5172-E41A-458C-A0F8-D0278604E19F}
		{DBDD839D-CB9A-4843-AD0E-C8CB5711365F} = {757D5172-E41A-458C-A0F8-D0278604E19F}
		{7C5ED725-AF88-4FD3-8B8D-882E7163C666} = {757D5172-E41A-458C-A0F8-D0278604E19F}
		{03A929FC-B0DC-4612-9E8E-10F536AE2AEF} = {1C3DFB46-631D-48FE-9B53-3CDF3452FB2A}
		{BE69CFDA-54DB-4634-811C-D3F6D0140E0E} = {1C3DFB46-631D-48FE-9B53-3CDF3452FB2A}
		{93B5809E-EA49-41FE-91EF-35E715548E85} = {1C3DFB46-631D-48FE-9B53-3CDF3452FB2A}
		{C633635A-2BE8-4918-AD0B-E4875DEE6BF1} = {3FF0D9BC-D028-43B4-81C8-35378FDADF9B}
		{EC399075-20BA-4981-B7C4-78AC63252375} = {3FF0D9BC-D028-43B4-81C8-35378FDADF9B}
		{1D507AD2-3DDD-4146-A688-16083DFC3A22} = {3FF0D9BC-D028-43B4-81C8-35378FDADF9B}
		{A6776171-DABF-49E9-8613-C54ED284AD7D} = {ACD14CFC-7615-47A3-BE17-6E0F5079FCC5}
		{A8EC1CC3-C02D-4057-AC0F-CD753A6B628B} = {ACD14CFC-7615-47A3-BE17-6E0F5079FCC5}
		{671D4C20-E2BC-41A7-A019-F41727072552} = {ACD14CFC-7615-47A3-BE17-6E0F5079FCC5}
		{273CAC3E-5197-4497-B561-820BFE732CB3} = {F077AD73-29B9-43CE-A5D8-357E4054E34A}
		{DFF6A02E-8378-457E-8086-7BA9BAF45760} = {F077AD73-29B9-43CE-A5D8-357E4054E34A}
		{5784C1F9-6C4D-4548-8818-80A1FBD409CF} = {F077AD73-29B9-43CE-A5D8-357E4054E34A}
		{799E5A3E-E8D0-4031-8E20-02DB33B45475} = {4072A660-8DCA-42C2-8CCD-449FBADA250B}
		{642B2986-E602-4A13-AC63-F4B6CF79C492} = {4072A660-8DCA-42C2-8CCD-449FBADA250B}
		{15A00E50-A226-4D2F-8530-060362CB13BB} = {4072A660-8DCA-42C2-8CCD-449FBADA250B}
	EndGlobalSection
	GlobalSection(ExtensibilityGlobals) = postSolution
		SolutionGuid = {F3D3C700-E21C-4822-8699-5D5262A211CF}
	EndGlobalSection
EndGlobal
